
Microsoft Visual Studio Solution File, Format Version 12.00
# Visual Studio 15
VisualStudioVersion = 15.0.28010.0
MinimumVisualStudioVersion = 10.0.40219.1
Project("{FAE04EC0-301F-11D3-BF4B-00C04F79EFBC}") = "FirstService", "FirstService.csproj", "{F8E66474-94CF-4FE0-8361-B7D0CA01778B}"
EndProject
Global
	GlobalSection(SolutionConfigurationPlatforms) = preSolution
		Debug|Any CPU = Debug|Any CPU
		Release|Any CPU = Release|Any CPU
	EndGlobalSection
	GlobalSection(ProjectConfigurationPlatforms) = postSolution
		{F8E66474-94CF-4FE0-8361-B7D0CA01778B}.Debug|Any CPU.ActiveCfg = Debug|Any CPU
		{F8E66474-94CF-4FE0-8361-B7D0CA01778B}.Debug|Any CPU.Build.0 = Debug|Any CPU
		{F8E66474-94CF-4FE0-8361-B7D0CA01778B}.Release|Any CPU.ActiveCfg = Release|Any CPU
		{F8E66474-94CF-4FE0-8361-B7D0CA01778B}.Release|Any CPU.Build.0 = Release|Any CPU
	EndGlobalSection
	GlobalSection(SolutionProperties) = preSolution
		HideSolutionNode = FALSE
	EndGlobalSection
	GlobalSection(ExtensibilityGlobals) = postSolution
		SolutionGuid = {A5306E11-83A8-420F-9D19-573110887B5C}
	EndGlobalSection
EndGlobal
